
Microsoft Visual Studio Solution File, Format Version 12.00
# Visual Studio 2015
Project("{FAE04EC0-301F-11D3-BF4B-00C04F79EFBC}") = "Lacuna.CSharp.Plugins", "Lacuna.CSharp.Plugins.csproj", "{5BCDD770-F75C-86EF-8788-08BB4CEADA90}"
EndProject
Project("{FAE04EC0-301F-11D3-BF4B-00C04F79EFBC}") = "Lacuna.CSharp", "Lacuna.CSharp.csproj", "{1CB2ABB1-8BEB-50D0-0120-D61EB7E77D64}"
EndProject
Project("{FAE04EC0-301F-11D3-BF4B-00C04F79EFBC}") = "Lacuna.CSharp.Editor", "Lacuna.CSharp.Editor.csproj", "{6072C177-9FDA-FB31-1B71-11614795BFD4}"
EndProject
Global
	GlobalSection(SolutionConfigurationPlatforms) = preSolution
		Debug|Any CPU = Debug|Any CPU
		Release|Any CPU = Release|Any CPU
	EndGlobalSection
	GlobalSection(ProjectConfigurationPlatforms) = postSolution
		{5BCDD770-F75C-86EF-8788-08BB4CEADA90}.Debug|Any CPU.ActiveCfg = Debug|Any CPU
		{5BCDD770-F75C-86EF-8788-08BB4CEADA90}.Debug|Any CPU.Build.0 = Debug|Any CPU
		{5BCDD770-F75C-86EF-8788-08BB4CEADA90}.Release|Any CPU.ActiveCfg = Release|Any CPU
		{5BCDD770-F75C-86EF-8788-08BB4CEADA90}.Release|Any CPU.Build.0 = Release|Any CPU
		{1CB2ABB1-8BEB-50D0-0120-D61EB7E77D64}.Debug|Any CPU.ActiveCfg = Debug|Any CPU
		{1CB2ABB1-8BEB-50D0-0120-D61EB7E77D64}.Debug|Any CPU.Build.0 = Debug|Any CPU
		{1CB2ABB1-8BEB-50D0-0120-D61EB7E77D64}.Release|Any CPU.ActiveCfg = Release|Any CPU
		{1CB2ABB1-8BEB-50D0-0120-D61EB7E77D64}.Release|Any CPU.Build.0 = Release|Any CPU
		{6072C177-9FDA-FB31-1B71-11614795BFD4}.Debug|Any CPU.ActiveCfg = Debug|Any CPU
		{6072C177-9FDA-FB31-1B71-11614795BFD4}.Debug|Any CPU.Build.0 = Debug|Any CPU
		{6072C177-9FDA-FB31-1B71-11614795BFD4}.Release|Any CPU.ActiveCfg = Release|Any CPU
		{6072C177-9FDA-FB31-1B71-11614795BFD4}.Release|Any CPU.Build.0 = Release|Any CPU
	EndGlobalSection
	GlobalSection(SolutionProperties) = preSolution
		HideSolutionNode = FALSE
	EndGlobalSection
EndGlobal
